
Microsoft Visual Studio Solution File, Format Version 12.00
# Visual Studio Version 16
VisualStudioVersion = 16.0.31402.337
MinimumVisualStudioVersion = 10.0.40219.1
Project("{FAE04EC0-301F-11D3-BF4B-00C04F79EFBC}") = "ReportGenerationAsyncPoC", "ReportGenerationAsyncPoC.csproj", "{4C8CE3C8-1DB2-44A6-8B1E-ACCAC8D04122}"
EndProject
Global
	GlobalSection(SolutionConfigurationPlatforms) = preSolution
		Debug|Any CPU = Debug|Any CPU
		Release|Any CPU = Release|Any CPU
	EndGlobalSection
	GlobalSection(ProjectConfigurationPlatforms) = postSolution
		{4C8CE3C8-1DB2-44A6-8B1E-ACCAC8D04122}.Debug|Any CPU.ActiveCfg = Debug|Any CPU
		{4C8CE3C8-1DB2-44A6-8B1E-ACCAC8D04122}.Debug|Any CPU.Build.0 = Debug|Any CPU
		{4C8CE3C8-1DB2-44A6-8B1E-ACCAC8D04122}.Release|Any CPU.ActiveCfg = Release|Any CPU
		{4C8CE3C8-1DB2-44A6-8B1E-ACCAC8D04122}.Release|Any CPU.Build.0 = Release|Any CPU
	EndGlobalSection
	GlobalSection(SolutionProperties) = preSolution
		HideSolutionNode = FALSE
	EndGlobalSection
	GlobalSection(ExtensibilityGlobals) = postSolution
		SolutionGuid = {5AFDCAD9-0EB3-4032-85B4-6D262050A53F}
	EndGlobalSection
EndGlobal
